
Microsoft Visual Studio Solution File, Format Version 12.00
# Visual Studio Version 17
VisualStudioVersion = 17.10.34916.146
MinimumVisualStudioVersion = 10.0.40219.1
Project("{FAE04EC0-301F-11D3-BF4B-00C04F79EFBC}") = "AppGestaoCondominio", "AppGestaoCondominio.csproj", "{4C184600-B4F0-4A80-AB47-8B10A28A2605}"
EndProject
Global
	GlobalSection(SolutionConfigurationPlatforms) = preSolution
		Debug|Any CPU = Debug|Any CPU
		Release|Any CPU = Release|Any CPU
	EndGlobalSection
	GlobalSection(ProjectConfigurationPlatforms) = postSolution
		{4C184600-B4F0-4A80-AB47-8B10A28A2605}.Debug|Any CPU.ActiveCfg = Debug|Any CPU
		{4C184600-B4F0-4A80-AB47-8B10A28A2605}.Debug|Any CPU.Build.0 = Debug|Any CPU
		{4C184600-B4F0-4A80-AB47-8B10A28A2605}.Release|Any CPU.ActiveCfg = Release|Any CPU
		{4C184600-B4F0-4A80-AB47-8B10A28A2605}.Release|Any CPU.Build.0 = Release|Any CPU
	EndGlobalSection
	GlobalSection(SolutionProperties) = preSolution
		HideSolutionNode = FALSE
	EndGlobalSection
	GlobalSection(ExtensibilityGlobals) = postSolution
		SolutionGuid = {AC158D0F-86CE-4B35-81E0-4968DB1E4914}
	EndGlobalSection
EndGlobal
